
Microsoft Visual Studio Solution File, Format Version 12.00
# Visual Studio Version 16
VisualStudioVersion = 16.0.29025.244
MinimumVisualStudioVersion = 10.0.40219.1
Project("{2150E333-8FDC-42A3-9474-1A3956D46DE8}") = "src", "src", "{494D03D2-AFE4-4D25-BAE7-0941C9A21066}"
EndProject
Project("{FAE04EC0-301F-11D3-BF4B-00C04F79EFBC}") = "SampleXRayParameterStore", "SampleXRayParameterStore\SampleXRayParameterStore.csproj", "{6FC2386C-A7E1-4D95-8B3B-F629B7FA85E0}"
EndProject
Global
	GlobalSection(SolutionConfigurationPlatforms) = preSolution
		Debug|Any CPU = Debug|Any CPU
		Release|Any CPU = Release|Any CPU
	EndGlobalSection
	GlobalSection(ProjectConfigurationPlatforms) = postSolution
		{6FC2386C-A7E1-4D95-8B3B-F629B7FA85E0}.Debug|Any CPU.ActiveCfg = Debug|Any CPU
		{6FC2386C-A7E1-4D95-8B3B-F629B7FA85E0}.Debug|Any CPU.Build.0 = Debug|Any CPU
		{6FC2386C-A7E1-4D95-8B3B-F629B7FA85E0}.Release|Any CPU.ActiveCfg = Release|Any CPU
		{6FC2386C-A7E1-4D95-8B3B-F629B7FA85E0}.Release|Any CPU.Build.0 = Release|Any CPU
	EndGlobalSection
	GlobalSection(SolutionProperties) = preSolution
		HideSolutionNode = FALSE
	EndGlobalSection
	GlobalSection(NestedProjects) = preSolution
		{6FC2386C-A7E1-4D95-8B3B-F629B7FA85E0} = {494D03D2-AFE4-4D25-BAE7-0941C9A21066}
	EndGlobalSection
	GlobalSection(ExtensibilityGlobals) = postSolution
		SolutionGuid = {3FEEA2C6-807B-4957-A507-1BF4CF9FBC05}
	EndGlobalSection
EndGlobal
